// !$*UTF8*$!
{
	archiveVersion = 1;
	classes = {
	};
	objectVersion = 46;
	objects = {

/* Begin PBXBuildFile section */
		372E172119BAE0EF00BA5861 /* JavaScriptCore.framework in Frameworks */ = {isa = PBXBuildFile; fileRef = 372E172019BAE0EF00BA5861 /* JavaScriptCore.framework */; };
		372E172519BECB5100BA5861 /* bindings.cpp in Sources */ = {isa = PBXBuildFile; fileRef = 372E172319BECB5100BA5861 /* bindings.cpp */; };
		372E172919BEE65C00BA5861 /* hello.bmp in CopyFiles */ = {isa = PBXBuildFile; fileRef = 372E172619BEE63000BA5861 /* hello.bmp */; };
		372E172A19BEE65C00BA5861 /* pixel_art.bmp in CopyFiles */ = {isa = PBXBuildFile; fileRef = 372E172719BEE63000BA5861 /* pixel_art.bmp */; };
		6A1C41981996EFD6006FE4E7 /* abstractEntity.cpp in Sources */ = {isa = PBXBuildFile; fileRef = 6A1C41961996EFD6006FE4E7 /* abstractEntity.cpp */; };
		6A1C419B1996F08E006FE4E7 /* entityManager.cpp in Sources */ = {isa = PBXBuildFile; fileRef = 6A1C41991996F08E006FE4E7 /* entityManager.cpp */; };
		6AC345621996B5E3004BC3C1 /* Game.cpp in Sources */ = {isa = PBXBuildFile; fileRef = 6AC345601996B5E3004BC3C1 /* Game.cpp */; };
		6AF227101995EB8000E87C90 /* main.cpp in Sources */ = {isa = PBXBuildFile; fileRef = 6AF2270F1995EB8000E87C90 /* main.cpp */; };
		6AF227121995EB8000E87C90 /* sdl_hello.1 in CopyFiles */ = {isa = PBXBuildFile; fileRef = 6AF227111995EB8000E87C90 /* sdl_hello.1 */; };
		6AF227191995EC2700E87C90 /* SDL2.framework in Frameworks */ = {isa = PBXBuildFile; fileRef = 6AF227181995EC2700E87C90 /* SDL2.framework */; };
/* End PBXBuildFile section */

/* Begin PBXCopyFilesBuildPhase section */
		372E172819BEE64E00BA5861 /* CopyFiles */ = {
			isa = PBXCopyFilesBuildPhase;
			buildActionMask = 2147483647;
			dstPath = Resources;
			dstSubfolderSpec = 7;
			files = (
				372E172919BEE65C00BA5861 /* hello.bmp in CopyFiles */,
				372E172A19BEE65C00BA5861 /* pixel_art.bmp in CopyFiles */,
			);
			runOnlyForDeploymentPostprocessing = 0;
		};
		6AF2270A1995EB8000E87C90 /* CopyFiles */ = {
			isa = PBXCopyFilesBuildPhase;
			buildActionMask = 12;
			dstPath = "";
			dstSubfolderSpec = 16;
			files = (
				6AF227121995EB8000E87C90 /* sdl_hello.1 in CopyFiles */,
			);
			runOnlyForDeploymentPostprocessing = 0;
		};
/* End PBXCopyFilesBuildPhase section */

/* Begin PBXFileReference section */
		372E172019BAE0EF00BA5861 /* JavaScriptCore.framework */ = {isa = PBXFileReference; lastKnownFileType = wrapper.framework; name = JavaScriptCore.framework; path = System/Library/Frameworks/JavaScriptCore.framework; sourceTree = SDKROOT; };
		372E172319BECB5100BA5861 /* bindings.cpp */ = {isa = PBXFileReference; fileEncoding = 4; lastKnownFileType = sourcecode.cpp.cpp; name = bindings.cpp; path = jsbinding/bindings.cpp; sourceTree = "<group>"; };
		372E172419BECB5100BA5861 /* bindings.h */ = {isa = PBXFileReference; fileEncoding = 4; lastKnownFileType = sourcecode.c.h; name = bindings.h; path = jsbinding/bindings.h; sourceTree = "<group>"; };
		372E172619BEE63000BA5861 /* hello.bmp */ = {isa = PBXFileReference; lastKnownFileType = image.bmp; name = hello.bmp; path = "sdl-hello/Resources/hello.bmp"; sourceTree = "<group>"; };
		372E172719BEE63000BA5861 /* pixel_art.bmp */ = {isa = PBXFileReference; lastKnownFileType = image.bmp; name = pixel_art.bmp; path = "sdl-hello/Resources/pixel_art.bmp"; sourceTree = "<group>"; };
		6A1C41961996EFD6006FE4E7 /* abstractEntity.cpp */ = {isa = PBXFileReference; fileEncoding = 4; lastKnownFileType = sourcecode.cpp.cpp; path = abstractEntity.cpp; sourceTree = "<group>"; };
		6A1C41971996EFD6006FE4E7 /* abstractEntity.h */ = {isa = PBXFileReference; fileEncoding = 4; lastKnownFileType = sourcecode.c.h; path = abstractEntity.h; sourceTree = "<group>"; };
		6A1C41991996F08E006FE4E7 /* entityManager.cpp */ = {isa = PBXFileReference; fileEncoding = 4; lastKnownFileType = sourcecode.cpp.cpp; path = entityManager.cpp; sourceTree = "<group>"; };
		6A1C419A1996F08E006FE4E7 /* entityManager.h */ = {isa = PBXFileReference; fileEncoding = 4; lastKnownFileType = sourcecode.c.h; path = entityManager.h; sourceTree = "<group>"; };
		6AC345601996B5E3004BC3C1 /* Game.cpp */ = {isa = PBXFileReference; fileEncoding = 4; lastKnownFileType = sourcecode.cpp.cpp; path = Game.cpp; sourceTree = "<group>"; };
		6AC345611996B5E3004BC3C1 /* Game.h */ = {isa = PBXFileReference; fileEncoding = 4; lastKnownFileType = sourcecode.c.h; path = Game.h; sourceTree = "<group>"; };
		6AF2270C1995EB8000E87C90 /* sdl-hello */ = {isa = PBXFileReference; explicitFileType = "compiled.mach-o.executable"; includeInIndex = 0; path = "sdl-hello"; sourceTree = BUILT_PRODUCTS_DIR; };
		6AF2270F1995EB8000E87C90 /* main.cpp */ = {isa = PBXFileReference; lastKnownFileType = sourcecode.cpp.cpp; path = main.cpp; sourceTree = "<group>"; };
		6AF227111995EB8000E87C90 /* sdl_hello.1 */ = {isa = PBXFileReference; lastKnownFileType = text.man; path = sdl_hello.1; sourceTree = "<group>"; };
		6AF227181995EC2700E87C90 /* SDL2.framework */ = {isa = PBXFileReference; lastKnownFileType = wrapper.framework; name = SDL2.framework; path = ../../../../../../../Library/Frameworks/SDL2.framework; sourceTree = "<group>"; };
/* End PBXFileReference section */

/* Begin PBXFrameworksBuildPhase section */
		6AF227091995EB8000E87C90 /* Frameworks */ = {
			isa = PBXFrameworksBuildPhase;
			buildActionMask = 2147483647;
			files = (
				372E172119BAE0EF00BA5861 /* JavaScriptCore.framework in Frameworks */,
				6AF227191995EC2700E87C90 /* SDL2.framework in Frameworks */,
			);
			runOnlyForDeploymentPostprocessing = 0;
		};
/* End PBXFrameworksBuildPhase section */

/* Begin PBXGroup section */
		372E171B19B8CFC000BA5861 /* Resources */ = {
			isa = PBXGroup;
			children = (
				372E172619BEE63000BA5861 /* hello.bmp */,
				372E172719BEE63000BA5861 /* pixel_art.bmp */,
			);
			name = Resources;
			sourceTree = "<group>";
		};
		372E172219BECB2800BA5861 /* jsbinding */ = {
			isa = PBXGroup;
			children = (
				372E172319BECB5100BA5861 /* bindings.cpp */,
				372E172419BECB5100BA5861 /* bindings.h */,
			);
			name = jsbinding;
			sourceTree = "<group>";
		};
		6A1C41951996EFCA006FE4E7 /* entity */ = {
			isa = PBXGroup;
			children = (
				6A1C41961996EFD6006FE4E7 /* abstractEntity.cpp */,
				6A1C41971996EFD6006FE4E7 /* abstractEntity.h */,
				6A1C41991996F08E006FE4E7 /* entityManager.cpp */,
				6A1C419A1996F08E006FE4E7 /* entityManager.h */,
			);
			path = entity;
			sourceTree = "<group>";
		};
		6AF227031995EB8000E87C90 = {
			isa = PBXGroup;
			children = (
				372E172019BAE0EF00BA5861 /* JavaScriptCore.framework */,
				6AF227181995EC2700E87C90 /* SDL2.framework */,
				6AF2270E1995EB8000E87C90 /* sdl-hello */,
				6AF2270D1995EB8000E87C90 /* Products */,
				372E171B19B8CFC000BA5861 /* Resources */,
			);
			sourceTree = "<group>";
		};
		6AF2270D1995EB8000E87C90 /* Products */ = {
			isa = PBXGroup;
			children = (
				6AF2270C1995EB8000E87C90 /* sdl-hello */,
			);
			name = Products;
			sourceTree = "<group>";
		};
		6AF2270E1995EB8000E87C90 /* sdl-hello */ = {
			isa = PBXGroup;
			children = (
				6AF2271C1995F83A00E87C90 /* src */,
				6AF2270F1995EB8000E87C90 /* main.cpp */,
				6AF227111995EB8000E87C90 /* sdl_hello.1 */,
			);
			path = "sdl-hello";
			sourceTree = "<group>";
		};
		6AF2271C1995F83A00E87C90 /* src */ = {
			isa = PBXGroup;
			children = (
				372E172219BECB2800BA5861 /* jsbinding */,
				6A1C41951996EFCA006FE4E7 /* entity */,
				6AF2271D1995F83A00E87C90 /* core */,
			);
			path = src;
			sourceTree = "<group>";
		};
		6AF2271D1995F83A00E87C90 /* core */ = {
			isa = PBXGroup;
			children = (
				6AC345601996B5E3004BC3C1 /* Game.cpp */,
				6AC345611996B5E3004BC3C1 /* Game.h */,
			);
			path = core;
			sourceTree = "<group>";
		};
/* End PBXGroup section */

/* Begin PBXNativeTarget section */
		6AF2270B1995EB8000E87C90 /* sdl-hello */ = {
			isa = PBXNativeTarget;
			buildConfigurationList = 6AF227151995EB8000E87C90 /* Build configuration list for PBXNativeTarget "sdl-hello" */;
			buildPhases = (
				6AF227081995EB8000E87C90 /* Sources */,
				6AF227091995EB8000E87C90 /* Frameworks */,
				6AF2270A1995EB8000E87C90 /* CopyFiles */,
				372E172819BEE64E00BA5861 /* CopyFiles */,
			);
			buildRules = (
			);
			dependencies = (
			);
			name = "sdl-hello";
			productName = "sdl-hello";
			productReference = 6AF2270C1995EB8000E87C90 /* sdl-hello */;
			productType = "com.apple.product-type.tool";
		};
/* End PBXNativeTarget section */

/* Begin PBXProject section */
		6AF227041995EB8000E87C90 /* Project object */ = {
			isa = PBXProject;
			attributes = {
				LastUpgradeCheck = 0510;
				ORGANIZATIONNAME = landon;
			};
			buildConfigurationList = 6AF227071995EB8000E87C90 /* Build configuration list for PBXProject "sdl-hello" */;
			compatibilityVersion = "Xcode 3.2";
			developmentRegion = English;
			hasScannedForEncodings = 0;
			knownRegions = (
				en,
			);
			mainGroup = 6AF227031995EB8000E87C90;
			productRefGroup = 6AF2270D1995EB8000E87C90 /* Products */;
			projectDirPath = "";
			projectRoot = "";
			targets = (
				6AF2270B1995EB8000E87C90 /* sdl-hello */,
			);
		};
/* End PBXProject section */

/* Begin PBXSourcesBuildPhase section */
		6AF227081995EB8000E87C90 /* Sources */ = {
			isa = PBXSourcesBuildPhase;
			buildActionMask = 2147483647;
			files = (
				6AC345621996B5E3004BC3C1 /* Game.cpp in Sources */,
				6A1C41981996EFD6006FE4E7 /* abstractEntity.cpp in Sources */,
				6A1C419B1996F08E006FE4E7 /* entityManager.cpp in Sources */,
				6AF227101995EB8000E87C90 /* main.cpp in Sources */,
				372E172519BECB5100BA5861 /* bindings.cpp in Sources */,
			);
			runOnlyForDeploymentPostprocessing = 0;
		};
/* End PBXSourcesBuildPhase section */

/* Begin XCBuildConfiguration section */
		6AF227131995EB8000E87C90 /* Debug */ = {
			isa = XCBuildConfiguration;
			buildSettings = {
				ALWAYS_SEARCH_USER_PATHS = NO;
				CLANG_CXX_LANGUAGE_STANDARD = "gnu++0x";
				CLANG_CXX_LIBRARY = "libc++";
				CLANG_ENABLE_MODULES = YES;
				CLANG_ENABLE_OBJC_ARC = YES;
				CLANG_WARN_BOOL_CONVERSION = YES;
				CLANG_WARN_CONSTANT_CONVERSION = YES;
				CLANG_WARN_DIRECT_OBJC_ISA_USAGE = YES_ERROR;
				CLANG_WARN_EMPTY_BODY = YES;
				CLANG_WARN_ENUM_CONVERSION = YES;
				CLANG_WARN_INT_CONVERSION = YES;
				CLANG_WARN_OBJC_ROOT_CLASS = YES_ERROR;
				CLANG_WARN__DUPLICATE_METHOD_MATCH = YES;
				COPY_PHASE_STRIP = NO;
				GCC_C_LANGUAGE_STANDARD = gnu99;
				GCC_DYNAMIC_NO_PIC = NO;
				GCC_ENABLE_OBJC_EXCEPTIONS = YES;
				GCC_OPTIMIZATION_LEVEL = 0;
				GCC_PREPROCESSOR_DEFINITIONS = (
					"DEBUG=1",
					"$(inherited)",
				);
				GCC_SYMBOLS_PRIVATE_EXTERN = NO;
				GCC_WARN_64_TO_32_BIT_CONVERSION = YES;
				GCC_WARN_ABOUT_RETURN_TYPE = YES_ERROR;
				GCC_WARN_UNDECLARED_SELECTOR = YES;
				GCC_WARN_UNINITIALIZED_AUTOS = YES_AGGRESSIVE;
				GCC_WARN_UNUSED_FUNCTION = YES;
				GCC_WARN_UNUSED_VARIABLE = YES;
				MACOSX_DEPLOYMENT_TARGET = 10.9;
				ONLY_ACTIVE_ARCH = YES;
				SDKROOT = macosx;
			};
			name = Debug;
		};
		6AF227141995EB8000E87C90 /* Release */ = {
			isa = XCBuildConfiguration;
			buildSettings = {
				ALWAYS_SEARCH_USER_PATHS = NO;
				CLANG_CXX_LANGUAGE_STANDARD = "gnu++0x";
				CLANG_CXX_LIBRARY = "libc++";
				CLANG_ENABLE_MODULES = YES;
				CLANG_ENABLE_OBJC_ARC = YES;
				CLANG_WARN_BOOL_CONVERSION = YES;
				CLANG_WARN_CONSTANT_CONVERSION = YES;
				CLANG_WARN_DIRECT_OBJC_ISA_USAGE = YES_ERROR;
				CLANG_WARN_EMPTY_BODY = YES;
				CLANG_WARN_ENUM_CONVERSION = YES;
				CLANG_WARN_INT_CONVERSION = YES;
				CLANG_WARN_OBJC_ROOT_CLASS = YES_ERROR;
				CLANG_WARN__DUPLICATE_METHOD_MATCH = YES;
				COPY_PHASE_STRIP = YES;
				DEBUG_INFORMATION_FORMAT = "dwarf-with-dsym";
				ENABLE_NS_ASSERTIONS = NO;
				GCC_C_LANGUAGE_STANDARD = gnu99;
				GCC_ENABLE_OBJC_EXCEPTIONS = YES;
				GCC_WARN_64_TO_32_BIT_CONVERSION = YES;
				GCC_WARN_ABOUT_RETURN_TYPE = YES_ERROR;
				GCC_WARN_UNDECLARED_SELECTOR = YES;
				GCC_WARN_UNINITIALIZED_AUTOS = YES_AGGRESSIVE;
				GCC_WARN_UNUSED_FUNCTION = YES;
				GCC_WARN_UNUSED_VARIABLE = YES;
				MACOSX_DEPLOYMENT_TARGET = 10.9;
				SDKROOT = macosx;
			};
			name = Release;
		};
		6AF227161995EB8000E87C90 /* Debug */ = {
			isa = XCBuildConfiguration;
			buildSettings = {
				FRAMEWORK_SEARCH_PATHS = (
					"$(inherited)",
					"$(LOCAL_LIBRARY_DIR)/Frameworks",
				);
				LIBRARY_SEARCH_PATHS = (
					"$(inherited)",
					"$(SDKROOT)/usr/lib/system",
				);
				MACOSX_DEPLOYMENT_TARGET = 10.9;
				PRODUCT_NAME = "$(TARGET_NAME)";
			};
			name = Debug;
		};
		6AF227171995EB8000E87C90 /* Release */ = {
			isa = XCBuildConfiguration;
			buildSettings = {
				FRAMEWORK_SEARCH_PATHS = (
					"$(inherited)",
					"$(LOCAL_LIBRARY_DIR)/Frameworks",
				);
				LIBRARY_SEARCH_PATHS = (
					"$(inherited)",
					"$(SDKROOT)/usr/lib/system",
				);
				MACOSX_DEPLOYMENT_TARGET = 10.9;
				PRODUCT_NAME = "$(TARGET_NAME)";
			};
			name = Release;
		};
/* End XCBuildConfiguration section */

/* Begin XCConfigurationList section */
		6AF227071995EB8000E87C90 /* Build configuration list for PBXProject "sdl-hello" */ = {
			isa = XCConfigurationList;
			buildConfigurations = (
				6AF227131995EB8000E87C90 /* Debug */,
				6AF227141995EB8000E87C90 /* Release */,
			);
			defaultConfigurationIsVisible = 0;
			defaultConfigurationName = Release;
		};
		6AF227151995EB8000E87C90 /* Build configuration list for PBXNativeTarget "sdl-hello" */ = {
			isa = XCConfigurationList;
			buildConfigurations = (
				6AF227161995EB8000E87C90 /* Debug */,
				6AF227171995EB8000E87C90 /* Release */,
			);
			defaultConfigurationIsVisible = 0;
			defaultConfigurationName = Release;
		};
/* End XCConfigurationList section */
	};
	rootObject = 6AF227041995EB8000E87C90 /* Project object */;
}
